
Microsoft Visual Studio Solution File, Format Version 11.00
# Visual Studio 2010
Project("{FAE04EC0-301F-11D3-BF4B-00C04F79EFBC}") = "Student Management System", "Student Management System\Student Management System.csproj", "{4E430697-F195-46D4-BE49-D52F6BF23FE2}"
EndProject
Global
	GlobalSection(SolutionConfigurationPlatforms) = preSolution
		Debug|Any CPU = Debug|Any CPU
		Release|Any CPU = Release|Any CPU
	EndGlobalSection
	GlobalSection(ProjectConfigurationPlatforms) = postSolution
		{4E430697-F195-46D4-BE49-D52F6BF23FE2}.Debug|Any CPU.ActiveCfg = Debug|Any CPU
		{4E430697-F195-46D4-BE49-D52F6BF23FE2}.Debug|Any CPU.Build.0 = Debug|Any CPU
		{4E430697-F195-46D4-BE49-D52F6BF23FE2}.Release|Any CPU.ActiveCfg = Release|Any CPU
		{4E430697-F195-46D4-BE49-D52F6BF23FE2}.Release|Any CPU.Build.0 = Release|Any CPU
	EndGlobalSection
	GlobalSection(SolutionProperties) = preSolution
		HideSolutionNode = FALSE
	EndGlobalSection
EndGlobal
